Microsoft Visual Studio Solution File, Format Version 12.00
# Visual Studio 15
VisualStudioVersion = 15.0.27130.2026
MinimumVisualStudioVersion = 10.0.40219.1
Project("{2150E333-8FDC-42A3-9474-1A3956D46DE8}") = "Solution Items", "Solution Items", "{8647C74A-083C-4EAF-B9B0-2172D4A27BFC}"
	ProjectSection(SolutionItems) = preProject
		.vsts-ci.yml = .vsts-ci.yml
		.vsts-pr.yml = .vsts-pr.yml
		.vsts-shared.yml = .vsts-shared.yml
		README.md = README.md
		version.json = version.json
	EndProjectSection
EndProject
Project("{9A19103F-16F7-4668-BE54-9A1E7A4F7556}") = "MSBuild.Sdk.Extras", "Source\MSBuild.Sdk.Extras\MSBuild.Sdk.Extras.csproj", "{4D8D241C-7316-4988-834B-0CDF8FC85298}"
EndProject
Project("{2150E333-8FDC-42A3-9474-1A3956D46DE8}") = "Tests", "Tests", "{26026DB4-DD68-43BF-8858-15AD2016C0B2}"
EndProject
Project("{9A19103F-16F7-4668-BE54-9A1E7A4F7556}") = "Classlibrary", "Tests\Classlibrary\Classlibrary.csproj", "{3DD9488D-7B27-40D8-B0B4-2C5BD316EE15}"
EndProject
Project("{9A19103F-16F7-4668-BE54-9A1E7A4F7556}") = "ClasslibraryAsSdk", "Tests\ClasslibraryAsSdk\ClasslibraryAsSdk.csproj", "{8FF61263-2FFC-4375-AF2F-4380AEE1D45F}"
EndProject
Project("{9A19103F-16F7-4668-BE54-9A1E7A4F7556}") = "WpfControlLibrary", "Tests\WpfControlLibrary\WpfControlLibrary.csproj", "{252480F0-3EC6-4D0B-8E8F-A1CD2D6E469D}"
EndProject
Project("{9A19103F-16F7-4668-BE54-9A1E7A4F7556}") = "WpfApp1", "Tests\WpfApp1\WpfApp1.csproj", "{B04AF907-A486-47A3-8DEA-A3225FE90121}"
EndProject
Project("{778DAE3C-4631-46EA-AA77-85C1314464D9}") = "WpfApp2", "Tests\WpfApp2\WpfApp2.vbproj", "{3B80BC9F-47DE-44EB-BCEE-798B6EE29F8D}"
EndProject
Project("{9A19103F-16F7-4668-BE54-9A1E7A4F7556}") = "WpfAppUsingSdk", "Tests\WpfAppUsingSdk\WpfAppUsingSdk.csproj", "{935E6481-E537-454F-B3C0-EF20C2AC2839}"
EndProject
Project("{9A19103F-16F7-4668-BE54-9A1E7A4F7556}") = "ClasslibWithNuGetSdkRef", "Tests\ClasslibWithNuGetSdkRef\ClasslibWithNuGetSdkRef.csproj", "{96E4CC91-6E55-4650-BA58-D6D1EF138EE2}"
EndProject
Project("{9A19103F-16F7-4668-BE54-9A1E7A4F7556}") = "ClasslibraryAsSdk.Ref", "Tests\ClasslibraryAsSdk.Ref\ClasslibraryAsSdk.Ref.csproj", "{C2EE161F-0521-47F7-BE2D-0B55CA8B3C53}"
EndProject
Project("{9A19103F-16F7-4668-BE54-9A1E7A4F7556}") = "Classlibrary.Ref", "Tests\Classlibrary.Ref\Classlibrary.Ref.csproj", "{2760D19C-F00A-40C4-B8DF-F28249E284FE}"
EndProject
Global
	GlobalSection(SolutionConfigurationPlatforms) = preSolution
		Debug|Any CPU = Debug|Any CPU
		Release|Any CPU = Release|Any CPU
	EndGlobalSection
	GlobalSection(ProjectConfigurationPlatforms) = postSolution
		{4D8D241C-7316-4988-834B-0CDF8FC85298}.Debug|Any CPU.ActiveCfg = Debug|Any CPU
		{4D8D241C-7316-4988-834B-0CDF8FC85298}.Debug|Any CPU.Build.0 = Debug|Any CPU
		{4D8D241C-7316-4988-834B-0CDF8FC85298}.Release|Any CPU.ActiveCfg = Release|Any CPU
		{4D8D241C-7316-4988-834B-0CDF8FC85298}.Release|Any CPU.Build.0 = Release|Any CPU
		{3DD9488D-7B27-40D8-B0B4-2C5BD316EE15}.Debug|Any CPU.ActiveCfg = Debug|Any CPU
		{3DD9488D-7B27-40D8-B0B4-2C5BD316EE15}.Debug|Any CPU.Build.0 = Debug|Any CPU
		{3DD9488D-7B27-40D8-B0B4-2C5BD316EE15}.Release|Any CPU.ActiveCfg = Release|Any CPU
		{3DD9488D-7B27-40D8-B0B4-2C5BD316EE15}.Release|Any CPU.Build.0 = Release|Any CPU
		{8FF61263-2FFC-4375-AF2F-4380AEE1D45F}.Debug|Any CPU.ActiveCfg = Debug|Any CPU
		{8FF61263-2FFC-4375-AF2F-4380AEE1D45F}.Debug|Any CPU.Build.0 = Debug|Any CPU
		{8FF61263-2FFC-4375-AF2F-4380AEE1D45F}.Release|Any CPU.ActiveCfg = Release|Any CPU
		{8FF61263-2FFC-4375-AF2F-4380AEE1D45F}.Release|Any CPU.Build.0 = Release|Any CPU
		{252480F0-3EC6-4D0B-8E8F-A1CD2D6E469D}.Debug|Any CPU.ActiveCfg = Debug|Any CPU
		{252480F0-3EC6-4D0B-8E8F-A1CD2D6E469D}.Debug|Any CPU.Build.0 = Debug|Any CPU
		{252480F0-3EC6-4D0B-8E8F-A1CD2D6E469D}.Release|Any CPU.ActiveCfg = Release|Any CPU
		{252480F0-3EC6-4D0B-8E8F-A1CD2D6E469D}.Release|Any CPU.Build.0 = Release|Any CPU
		{B04AF907-A486-47A3-8DEA-A3225FE90121}.Debug|Any CPU.ActiveCfg = Debug|Any CPU
		{B04AF907-A486-47A3-8DEA-A3225FE90121}.Debug|Any CPU.Build.0 = Debug|Any CPU
		{B04AF907-A486-47A3-8DEA-A3225FE90121}.Release|Any CPU.ActiveCfg = Release|Any CPU
		{B04AF907-A486-47A3-8DEA-A3225FE90121}.Release|Any CPU.Build.0 = Release|Any CPU
		{3B80BC9F-47DE-44EB-BCEE-798B6EE29F8D}.Debug|Any CPU.ActiveCfg = Debug|Any CPU
		{3B80BC9F-47DE-44EB-BCEE-798B6EE29F8D}.Debug|Any CPU.Build.0 = Debug|Any CPU
		{3B80BC9F-47DE-44EB-BCEE-798B6EE29F8D}.Release|Any CPU.ActiveCfg = Release|Any CPU
		{3B80BC9F-47DE-44EB-BCEE-798B6EE29F8D}.Release|Any CPU.Build.0 = Release|Any CPU
		{935E6481-E537-454F-B3C0-EF20C2AC2839}.Debug|Any CPU.ActiveCfg = Debug|Any CPU
		{935E6481-E537-454F-B3C0-EF20C2AC2839}.Debug|Any CPU.Build.0 = Debug|Any CPU
		{935E6481-E537-454F-B3C0-EF20C2AC2839}.Release|Any CPU.ActiveCfg = Release|Any CPU
		{935E6481-E537-454F-B3C0-EF20C2AC2839}.Release|Any CPU.Build.0 = Release|Any CPU
		{96E4CC91-6E55-4650-BA58-D6D1EF138EE2}.Debug|Any CPU.ActiveCfg = Debug|Any CPU
		{96E4CC91-6E55-4650-BA58-D6D1EF138EE2}.Debug|Any CPU.Build.0 = Debug|Any CPU
		{96E4CC91-6E55-4650-BA58-D6D1EF138EE2}.Release|Any CPU.ActiveCfg = Release|Any CPU
		{96E4CC91-6E55-4650-BA58-D6D1EF138EE2}.Release|Any CPU.Build.0 = Release|Any CPU
		{C2EE161F-0521-47F7-BE2D-0B55CA8B3C53}.Debug|Any CPU.ActiveCfg = Debug|Any CPU
		{C2EE161F-0521-47F7-BE2D-0B55CA8B3C53}.Debug|Any CPU.Build.0 = Debug|Any CPU
		{C2EE161F-0521-47F7-BE2D-0B55CA8B3C53}.Release|Any CPU.ActiveCfg = Release|Any CPU
		{C2EE161F-0521-47F7-BE2D-0B55CA8B3C53}.Release|Any CPU.Build.0 = Release|Any CPU
		{2760D19C-F00A-40C4-B8DF-F28249E284FE}.Debug|Any CPU.ActiveCfg = Debug|Any CPU
		{2760D19C-F00A-40C4-B8DF-F28249E284FE}.Debug|Any CPU.Build.0 = Debug|Any CPU
		{2760D19C-F00A-40C4-B8DF-F28249E284FE}.Release|Any CPU.ActiveCfg = Release|Any CPU
		{2760D19C-F00A-40C4-B8DF-F28249E284FE}.Release|Any CPU.Build.0 = Release|Any CPU
	EndGlobalSection
	GlobalSection(SolutionProperties) = preSolution
		HideSolutionNode = FALSE
	EndGlobalSection
	GlobalSection(NestedProjects) = preSolution
		{3DD9488D-7B27-40D8-B0B4-2C5BD316EE15} = {26026DB4-DD68-43BF-8858-15AD2016C0B2}
		{8FF61263-2FFC-4375-AF2F-4380AEE1D45F} = {26026DB4-DD68-43BF-8858-15AD2016C0B2}
		{252480F0-3EC6-4D0B-8E8F-A1CD2D6E469D} = {26026DB4-DD68-43BF-8858-15AD2016C0B2}
		{B04AF907-A486-47A3-8DEA-A3225FE90121} = {26026DB4-DD68-43BF-8858-15AD2016C0B2}
		{3B80BC9F-47DE-44EB-BCEE-798B6EE29F8D} = {26026DB4-DD68-43BF-8858-15AD2016C0B2}
		{935E6481-E537-454F-B3C0-EF20C2AC2839} = {26026DB4-DD68-43BF-8858-15AD2016C0B2}
		{96E4CC91-6E55-4650-BA58-D6D1EF138EE2} = {26026DB4-DD68-43BF-8858-15AD2016C0B2}
		{C2EE161F-0521-47F7-BE2D-0B55CA8B3C53} = {26026DB4-DD68-43BF-8858-15AD2016C0B2}
		{2760D19C-F00A-40C4-B8DF-F28249E284FE} = {26026DB4-DD68-43BF-8858-15AD2016C0B2}
	EndGlobalSection
	GlobalSection(ExtensibilityGlobals) = postSolution
		SolutionGuid = {93349570-79D8-4F89-8E78-C66401620727}
	EndGlobalSection
EndGlobal
