
Microsoft Visual Studio Solution File, Format Version 12.00
# Visual Studio 15
VisualStudioVersion = 15.0.27520.0
MinimumVisualStudioVersion = 10.0.40219.1
Project("{9A19103F-16F7-4668-BE54-9A1E7A4F7556}") = "ClasslibWithNuGetSdkRef", "ClasslibWithNuGetSdkRef\ClasslibWithNuGetSdkRef.csproj", "{40907670-35ED-437C-A50C-C747002A4096}"
EndProject
Project("{9A19103F-16F7-4668-BE54-9A1E7A4F7556}") = "WpfAppUsingSdk", "WpfAppUsingSdk\WpfAppUsingSdk.csproj", "{EAA84ADB-FBC8-46E5-A00E-EA4EDB8A238C}"
EndProject
Global
	GlobalSection(SolutionConfigurationPlatforms) = preSolution
		Debug|Any CPU = Debug|Any CPU
		Release|Any CPU = Release|Any CPU
	EndGlobalSection
	GlobalSection(ProjectConfigurationPlatforms) = postSolution
		{40907670-35ED-437C-A50C-C747002A4096}.Debug|Any CPU.ActiveCfg = Debug|Any CPU
		{40907670-35ED-437C-A50C-C747002A4096}.Debug|Any CPU.Build.0 = Debug|Any CPU
		{40907670-35ED-437C-A50C-C747002A4096}.Release|Any CPU.ActiveCfg = Release|Any CPU
		{40907670-35ED-437C-A50C-C747002A4096}.Release|Any CPU.Build.0 = Release|Any CPU
		{EAA84ADB-FBC8-46E5-A00E-EA4EDB8A238C}.Debug|Any CPU.ActiveCfg = Debug|Any CPU
		{EAA84ADB-FBC8-46E5-A00E-EA4EDB8A238C}.Debug|Any CPU.Build.0 = Debug|Any CPU
		{EAA84ADB-FBC8-46E5-A00E-EA4EDB8A238C}.Release|Any CPU.ActiveCfg = Release|Any CPU
		{EAA84ADB-FBC8-46E5-A00E-EA4EDB8A238C}.Release|Any CPU.Build.0 = Release|Any CPU
	EndGlobalSection
	GlobalSection(SolutionProperties) = preSolution
		HideSolutionNode = FALSE
	EndGlobalSection
	GlobalSection(ExtensibilityGlobals) = postSolution
		SolutionGuid = {A4D3F071-207E-4FCB-B8EE-9D8603C2F4DA}
	EndGlobalSection
EndGlobal
