
Microsoft Visual Studio Solution File, Format Version 12.00
# Visual Studio Version 16
VisualStudioVersion = 16.0.29230.61
MinimumVisualStudioVersion = 10.0.40219.1
Project("{FAE04EC0-301F-11D3-BF4B-00C04F79EFBC}") = "netstd2Library", "netstd2Library\netstd2Library.csproj", "{ED027E36-643F-44C0-A297-34D565859D16}"
EndProject
Project("{FAE04EC0-301F-11D3-BF4B-00C04F79EFBC}") = "cross-ios-netstd2", "cross-ios-netstd2\cross-ios-netstd2.csproj", "{C87855F6-314C-4BA6-AFA9-F979D8850050}"
EndProject
Global
	GlobalSection(SolutionConfigurationPlatforms) = preSolution
		Debug|Any CPU = Debug|Any CPU
		Release|Any CPU = Release|Any CPU
	EndGlobalSection
	GlobalSection(ProjectConfigurationPlatforms) = postSolution
		{ED027E36-643F-44C0-A297-34D565859D16}.Debug|Any CPU.ActiveCfg = Debug|Any CPU
		{ED027E36-643F-44C0-A297-34D565859D16}.Debug|Any CPU.Build.0 = Debug|Any CPU
		{ED027E36-643F-44C0-A297-34D565859D16}.Release|Any CPU.ActiveCfg = Release|Any CPU
		{ED027E36-643F-44C0-A297-34D565859D16}.Release|Any CPU.Build.0 = Release|Any CPU
		{C87855F6-314C-4BA6-AFA9-F979D8850050}.Debug|Any CPU.ActiveCfg = Debug|Any CPU
		{C87855F6-314C-4BA6-AFA9-F979D8850050}.Debug|Any CPU.Build.0 = Debug|Any CPU
		{C87855F6-314C-4BA6-AFA9-F979D8850050}.Release|Any CPU.ActiveCfg = Release|Any CPU
		{C87855F6-314C-4BA6-AFA9-F979D8850050}.Release|Any CPU.Build.0 = Release|Any CPU
	EndGlobalSection
	GlobalSection(SolutionProperties) = preSolution
		HideSolutionNode = FALSE
	EndGlobalSection
	GlobalSection(ExtensibilityGlobals) = postSolution
		SolutionGuid = {59FA0C61-E338-40D3-BBB4-966BC1CDB464}
	EndGlobalSection
EndGlobal
