
Microsoft Visual Studio Solution File, Format Version 12.00
# Visual Studio 15
VisualStudioVersion = 15.0.27130.2003
MinimumVisualStudioVersion = 10.0.40219.1
Project("{FAE04EC0-301F-11D3-BF4B-00C04F79EFBC}") = "WpfApplication", "WpfApplication\WpfApplication.csproj", "{45E00874-B429-4563-8C2A-031ECFE416EF}"
EndProject
Global
	GlobalSection(SolutionConfigurationPlatforms) = preSolution
		Debug|Any CPU = Debug|Any CPU
		Release|Any CPU = Release|Any CPU
	EndGlobalSection
	GlobalSection(ProjectConfigurationPlatforms) = postSolution
		{45E00874-B429-4563-8C2A-031ECFE416EF}.Debug|Any CPU.ActiveCfg = Debug|Any CPU
		{45E00874-B429-4563-8C2A-031ECFE416EF}.Debug|Any CPU.Build.0 = Debug|Any CPU
		{45E00874-B429-4563-8C2A-031ECFE416EF}.Release|Any CPU.ActiveCfg = Release|Any CPU
		{45E00874-B429-4563-8C2A-031ECFE416EF}.Release|Any CPU.Build.0 = Release|Any CPU
	EndGlobalSection
	GlobalSection(SolutionProperties) = preSolution
		HideSolutionNode = FALSE
	EndGlobalSection
	GlobalSection(ExtensibilityGlobals) = postSolution
		SolutionGuid = {A8778831-0AB8-4D81-97FA-5CC29CD40DA6}
	EndGlobalSection
EndGlobal
